
Microsoft Visual Studio Solution File, Format Version 12.00
# Visual Studio 14
VisualStudioVersion = 14.0.25123.0
MinimumVisualStudioVersion = 10.0.40219.1
Project("{FAE04EC0-301F-11D3-BF4B-00C04F79EFBC}") = "TestFullStack.YA.Data", "TestFullStack.YA.Data\TestFullStack.YA.Data.csproj", "{D17C86F6-A284-493B-8C87-D8ADA9724E71}"
EndProject
Project("{FAE04EC0-301F-11D3-BF4B-00C04F79EFBC}") = "TestFullStack.YA.Core", "TestFullStack.YA.Core\TestFullStack.YA.Core.csproj", "{009D7666-6E83-48E4-9E37-C495E3C4A528}"
EndProject
Project("{FAE04EC0-301F-11D3-BF4B-00C04F79EFBC}") = "TestFullStack.YA.API", "TestFullStack.YA.Api\TestFullStack.YA.API.csproj", "{D7AF5477-1FF8-417B-AB90-C8ADE6E5E98D}"
	ProjectSection(ProjectDependencies) = postProject
		{41980F31-C223-4214-818A-4A7B0B113BC9} = {41980F31-C223-4214-818A-4A7B0B113BC9}
		{009D7666-6E83-48E4-9E37-C495E3C4A528} = {009D7666-6E83-48E4-9E37-C495E3C4A528}
		{D17C86F6-A284-493B-8C87-D8ADA9724E71} = {D17C86F6-A284-493B-8C87-D8ADA9724E71}
	EndProjectSection
EndProject
Project("{FAE04EC0-301F-11D3-BF4B-00C04F79EFBC}") = "TestFullStack.YA.Middle", "TestFullStack.YA.MiddleApi\TestFullStack.YA.Middle.csproj", "{41980F31-C223-4214-818A-4A7B0B113BC9}"
	ProjectSection(ProjectDependencies) = postProject
		{009D7666-6E83-48E4-9E37-C495E3C4A528} = {009D7666-6E83-48E4-9E37-C495E3C4A528}
		{D17C86F6-A284-493B-8C87-D8ADA9724E71} = {D17C86F6-A284-493B-8C87-D8ADA9724E71}
	EndProjectSection
EndProject
Global
	GlobalSection(SolutionConfigurationPlatforms) = preSolution
		Debug|Any CPU = Debug|Any CPU
		Release|Any CPU = Release|Any CPU
	EndGlobalSection
	GlobalSection(ProjectConfigurationPlatforms) = postSolution
		{D17C86F6-A284-493B-8C87-D8ADA9724E71}.Debug|Any CPU.ActiveCfg = Debug|Any CPU
		{D17C86F6-A284-493B-8C87-D8ADA9724E71}.Debug|Any CPU.Build.0 = Debug|Any CPU
		{D17C86F6-A284-493B-8C87-D8ADA9724E71}.Release|Any CPU.ActiveCfg = Release|Any CPU
		{D17C86F6-A284-493B-8C87-D8ADA9724E71}.Release|Any CPU.Build.0 = Release|Any CPU
		{009D7666-6E83-48E4-9E37-C495E3C4A528}.Debug|Any CPU.ActiveCfg = Debug|Any CPU
		{009D7666-6E83-48E4-9E37-C495E3C4A528}.Debug|Any CPU.Build.0 = Debug|Any CPU
		{009D7666-6E83-48E4-9E37-C495E3C4A528}.Release|Any CPU.ActiveCfg = Release|Any CPU
		{009D7666-6E83-48E4-9E37-C495E3C4A528}.Release|Any CPU.Build.0 = Release|Any CPU
		{D7AF5477-1FF8-417B-AB90-C8ADE6E5E98D}.Debug|Any CPU.ActiveCfg = Debug|Any CPU
		{D7AF5477-1FF8-417B-AB90-C8ADE6E5E98D}.Debug|Any CPU.Build.0 = Debug|Any CPU
		{D7AF5477-1FF8-417B-AB90-C8ADE6E5E98D}.Release|Any CPU.ActiveCfg = Release|Any CPU
		{D7AF5477-1FF8-417B-AB90-C8ADE6E5E98D}.Release|Any CPU.Build.0 = Release|Any CPU
		{41980F31-C223-4214-818A-4A7B0B113BC9}.Debug|Any CPU.ActiveCfg = Debug|Any CPU
		{41980F31-C223-4214-818A-4A7B0B113BC9}.Debug|Any CPU.Build.0 = Debug|Any CPU
		{41980F31-C223-4214-818A-4A7B0B113BC9}.Release|Any CPU.ActiveCfg = Release|Any CPU
		{41980F31-C223-4214-818A-4A7B0B113BC9}.Release|Any CPU.Build.0 = Release|Any CPU
	EndGlobalSection
	GlobalSection(SolutionProperties) = preSolution
		HideSolutionNode = FALSE
	EndGlobalSection
EndGlobal
